
Microsoft Visual Studio Solution File, Format Version 12.00
# Visual Studio Version 16
VisualStudioVersion = 16.0.30621.155
MinimumVisualStudioVersion = 10.0.40219.1
Project("{FAE04EC0-301F-11D3-BF4B-00C04F79EFBC}") = "ah-2class", "ah-2class\ah-2class.csproj", "{A3729297-E192-4964-A724-0AC1A547CCBB}"
EndProject
Global
	GlobalSection(SolutionConfigurationPlatforms) = preSolution
		Debug|Any CPU = Debug|Any CPU
		Release|Any CPU = Release|Any CPU
	EndGlobalSection
	GlobalSection(ProjectConfigurationPlatforms) = postSolution
		{A3729297-E192-4964-A724-0AC1A547CCBB}.Debug|Any CPU.ActiveCfg = Debug|Any CPU
		{A3729297-E192-4964-A724-0AC1A547CCBB}.Debug|Any CPU.Build.0 = Debug|Any CPU
		{A3729297-E192-4964-A724-0AC1A547CCBB}.Release|Any CPU.ActiveCfg = Release|Any CPU
		{A3729297-E192-4964-A724-0AC1A547CCBB}.Release|Any CPU.Build.0 = Release|Any CPU
	EndGlobalSection
	GlobalSection(SolutionProperties) = preSolution
		HideSolutionNode = FALSE
	EndGlobalSection
	GlobalSection(ExtensibilityGlobals) = postSolution
		SolutionGuid = {AB2A23C9-4A55-4E50-84E6-242DA3C09FE8}
	EndGlobalSection
EndGlobal
